
Microsoft Visual Studio Solution File, Format Version 12.00
Project("{FAE04EC0-301F-11D3-BF4B-00C04F79EFBC}") = "MinesweeperTestApp", "MinesweeperTestApp\MinesweeperTestApp.csproj", "{F121500F-7E0D-444C-AFBD-53464FE6EB05}"
EndProject
Global
	GlobalSection(SolutionConfigurationPlatforms) = preSolution
		Debug|Any CPU = Debug|Any CPU
		Release|Any CPU = Release|Any CPU
	EndGlobalSection
	GlobalSection(ProjectConfigurationPlatforms) = postSolution
		{F121500F-7E0D-444C-AFBD-53464FE6EB05}.Debug|Any CPU.ActiveCfg = Debug|Any CPU
		{F121500F-7E0D-444C-AFBD-53464FE6EB05}.Debug|Any CPU.Build.0 = Debug|Any CPU
		{F121500F-7E0D-444C-AFBD-53464FE6EB05}.Release|Any CPU.ActiveCfg = Release|Any CPU
		{F121500F-7E0D-444C-AFBD-53464FE6EB05}.Release|Any CPU.Build.0 = Release|Any CPU
	EndGlobalSection
EndGlobal
